
Microsoft Visual Studio Solution File, Format Version 12.00
# Visual Studio 15
VisualStudioVersion = 15.0.27130.2036
MinimumVisualStudioVersion = 10.0.40219.1
Project("{8BC9CEB8-8B4A-11D0-8D11-00A0C91BC942}") = "RRPG", "RRPG\RRPG.vcxproj", "{436BFC03-1B66-4CC5-8E87-304A641ADE51}"
EndProject
Global
	GlobalSection(SolutionConfigurationPlatforms) = preSolution
		Debug|x64 = Debug|x64
		Debug|x86 = Debug|x86
		Release|x64 = Release|x64
		Release|x86 = Release|x86
	EndGlobalSection
	GlobalSection(ProjectConfigurationPlatforms) = postSolution
		{436BFC03-1B66-4CC5-8E87-304A641ADE51}.Debug|x64.ActiveCfg = Debug|x64
		{436BFC03-1B66-4CC5-8E87-304A641ADE51}.Debug|x64.Build.0 = Debug|x64
		{436BFC03-1B66-4CC5-8E87-304A641ADE51}.Debug|x86.ActiveCfg = Debug|Win32
		{436BFC03-1B66-4CC5-8E87-304A641ADE51}.Debug|x86.Build.0 = Debug|Win32
		{436BFC03-1B66-4CC5-8E87-304A641ADE51}.Release|x64.ActiveCfg = Release|x64
		{436BFC03-1B66-4CC5-8E87-304A641ADE51}.Release|x64.Build.0 = Release|x64
		{436BFC03-1B66-4CC5-8E87-304A641ADE51}.Release|x86.ActiveCfg = Release|Win32
		{436BFC03-1B66-4CC5-8E87-304A641ADE51}.Release|x86.Build.0 = Release|Win32
	EndGlobalSection
	GlobalSection(SolutionProperties) = preSolution
		HideSolutionNode = FALSE
	EndGlobalSection
	GlobalSection(ExtensibilityGlobals) = postSolution
		SolutionGuid = {3C845D6D-7164-4209-8769-A254046DCA2F}
	EndGlobalSection
EndGlobal
